version = 1
revision = 2
requires-python = ">=3.13"

[[package]]
name = "absl-py"
version = "2.5.0"
source = { registry = "https://pypi.org/simple" }
sdist = { url = "https://files.pythonhosted.org/packages/d0/4f/d79676ab82f2e42fc3611618139f13a9c4c31d0cff4b486982047679a802/absl_py-2.5.0.tar.gz", hash = "sha256:0c996f25c0490700fadabe6351630f6111534fa0ae252cc6d2014ea3b141135f", size = 118119, upload_time = "2026-07-03T10:57:48.157Z" }
wheels = [
    { url = "https://files.pythonhosted.org/packages/58/0a/a10b45aab35b175aded078a462dc8d0c698f5b13946e7cb0869097b78bb6/absl_py-2.5.0-py3-none-any.whl", hash = "sha256:0f17b89f2a4eaaedc4f28c622998aa690564b3012a396a4ffad0821007fe03ba", size = 137410, upload_time = "2026-07-03T10:57:46.735Z" },
]

[[package]]
name = "colorama"
version = "0.4.6"
source = { registry = "https://pypi.org/simple" }
sdist = { url = "https://files.pythonhosted.org/packages/d8/53/6f443c9a4a8358a93a6792e2acffb9d9d5cb0a5cfd8802644b7b1c9a02e4/colorama-0.4.6.tar.gz", hash = "sha256:08695f5cb7ed6e0531a20572697297273c47b8cae5a63ffc6d6ed5c201be6e44", size = 27697, upload_time = "2022-10-25T02:36:22.414Z" }
wheels = [
    { url = "https://files.pythonhosted.org/packages/d1/d6/3965ed04c63042e047cb6a3e6ed1a63a35087b6a609aa3a15ed8ac56c221/colorama-0.4.6-py2.py3-none-any.whl", hash = "sha256:4f1d9991f5acc0ca119f9d443620b77f9d6b33703e51011c16baf57afb285fc6", size = 25335, upload_time = "2022-10-25T02:36:20.889Z" },
]

[[package]]
name = "coverage"
version = "7.15.2"
source = { registry = "https://pypi.org/simple" }
sdist = { url = "https://files.pythonhosted.org/packages/76/d0/55fe630f4cf94e3fcba868240fad8c8cdd1f764e2a932f8926347e6ec4cd/coverage-7.15.2.tar.gz", hash = "sha256:3df60dc267f0a2ca23cb7a9ab1109c62b9335ffbf519fcfe167157c28c09b81d", size = 927741, upload_time = "2026-07-15T18:56:19.558Z" }
wheels = [
    { url = "https://files.pythonhosted.org/packages/fc/d5/f8c838e6b7282976f7c918884b792df7a0c42c5bba5d99c60ad2d221d56d/coverage-7.15.2-cp313-cp313-macosx_10_13_x86_64.whl", hash = "sha256:1121caa19159a38b5463eaae4b1e1fde81e525b15ecc5e000cd5b1a108f743a8", size = 221606, upload_time = "2026-07-15T18:54:45.448Z" },
    { url = "https://files.pythonhosted.org/packages/bf/37/97c926376364f66298cc44893b89cdf17b8bc406376497c4061ae4b8a8ff/coverage-7.15.2-cp313-cp313-macosx_11_0_arm64.whl", hash = "sha256:a300c6934e0989c327b9e8a1e110329da4641149f872bbe9f70168be66da76c1", size = 221982, upload_time = "2026-07-15T18:54:47.341Z" },
    { url = "https://files.pythonhosted.org/packages/b7/30/a36050a6e83c2135ee0776f452ca3948224befc6d7f26acecc082d0c106a/coverage-7.15.2-cp313-cp313-manylinux1_i686.manylinux_2_28_i686.manylinux_2_5_i686.whl", hash = "sha256:2617f8799d268fabdeef42a7e89ac3a23e1deee9025427db2df970f99a89a578", size = 252972, upload_time = "2026-07-15T18:54:49.2Z" },
    { url = "https://files.pythonhosted.org/packages/31/d3/06b5f1daf95f0f15ab05bd75f26ba5f3c8b33d0bb72f3aaa3cf41d1bad3a/coverage-7.15.2-cp313-cp313-manylinux1_x86_64.manylinux_2_28_x86_64.manylinux_2_5_x86_64.whl", hash = "sha256:7dc2950a2992cd676d35c20ae63522836deeb034f08874699d14068710af3dc1", size = 255569, upload_time = "2026-07-15T18:54:51.098Z" },
    { url = "https://files.pythonhosted.org/packages/81/1c/9afb3f8de2b8d36960391c48559a2e3ff96594b58099f115921549ea8d0d/coverage-7.15.2-cp313-cp313-manylinux2014_aarch64.manylinux_2_17_aarch64.manylinux_2_28_aarch64.whl", hash = "sha256:9e36686f7a442185db2400b3df171aac520869faf9deb59df687d28659eda2a6", size = 256806, upload_time = "2026-07-15T18:54:53.145Z" },
    { url = "https://files.pythonhosted.org/packages/64/d8/b989f96061a5e32d82fddd1b1b9ff48a7c8f8ae7606f0e80fd9de54b1e33/coverage-7.15.2-cp313-cp313-manylinux2014_ppc64le.manylinux_2_17_ppc64le.manylinux_2_28_ppc64le.whl", hash = "sha256:7d29ca7bd67af6e12e74632d65f026eabc1364da5c254494cd914446a28a3ef7", size = 258936, upload_time = "2026-07-15T18:54:55.015Z" },
    { url = "https://files.pythonhosted.org/packages/b8/fa/f99771f5110457c7b511c1935ca49ddf288218eaa84322e028b9334146ae/coverage-7.15.2-cp313-cp313-manylinux_2_31_riscv64.manylinux_2_39_riscv64.whl", hash = "sha256:db9c8438057e5b0f6a22a0af99c0c1d26b57fbbdbd1be5861ddb8f897fcc3a2d", size = 253178, upload_time = "2026-07-15T18:54:57.527Z" },
    { url = "https://files.pythonhosted.org/packages/f6/96/c098a6044d119c751ceede7be91035fa8310170ec24a6523aff72f0a5793/coverage-7.15.2-cp313-cp313-musllinux_1_2_aarch64.whl", hash = "sha256:63022c4c8dec1d0342f05c3ede99842fe3d007689acc45e86f123a1746e4a026", size = 254934, upload_time = "2026-07-15T18:54:59.41Z" },
    { url = "https://files.pythonhosted.org/packages/b2/a2/1457b3a7a50c8d77500103b97a046db863e2f59a1cf6d2f814595f349885/coverage-7.15.2-cp313-cp313-musllinux_1_2_i686.whl", hash = "sha256:6c0be82b4d4aa5b2704e08518e2252f3e3d110164bcca826816801052e48a7aa", size = 252898, upload_time = "2026-07-15T18:55:01.338Z" },
    { url = "https://files.pythonhosted.org/packages/6c/0e/76958874c471ecfcdde0d2b2747bb2c61bdbf34a40636f4ce9db9923e643/coverage-7.15.2-cp313-cp313-musllinux_1_2_ppc64le.whl", hash = "sha256:4510fb9cdf6bb02dfa6af0be4a534b8102d086e22e4a33f8836df663da3d660d", size = 257056, upload_time = "2026-07-15T18:55:03.243Z" },
    { url = "https://files.pythonhosted.org/packages/7c/7c/3d7c4e3bf58baa40327dc7edc2272b17cf02299366d52763db1b0ca1556a/coverage-7.15.2-cp313-cp313-musllinux_1_2_riscv64.whl", hash = "sha256:42ec3d989421b174a2ab607c1539f24127ad362757b7f1c0c0d7a2993f7eb37b", size = 252718, upload_time = "2026-07-15T18:55:05.029Z" },
    { url = "https://files.pythonhosted.org/packages/c8/b8/1cecffed9ce14fb25be9ba42d37b6bb61485c9a3ddd43cd3dde36b6087d8/coverage-7.15.2-cp313-cp313-musllinux_1_2_x86_64.whl", hash = "sha256:e8f91bce78e32343af184c3b7fa28fcf5a9e2641f4b6623d392038f804939188", size = 254490, upload_time = "2026-07-15T18:55:06.889Z" },
    { url = "https://files.pythonhosted.org/packages/6c/2c/42984561bc7f4c045dca67516a0c50ee5ef8d84352dbeb5559dc86c4823e/coverage-7.15.2-cp313-cp313-win32.whl", hash = "sha256:434e68d531858205895eb0d74b73d20b84260de426387d53c422a5acda2cf050", size = 223647, upload_time = "2026-07-15T18:55:08.941Z" },
    { url = "https://files.pythonhosted.org/packages/41/9f/39c7c9245efc583beddf89a87683574e663ed93637f3afb6cd7b88405676/coverage-7.15.2-cp313-cp313-win_amd64.whl", hash = "sha256:26c3b04a6377fd7c09800921fa934e3a17c0020439cd59df73e73ae1d4b6a78c", size = 224190, upload_time = "2026-07-15T18:55:10.789Z" },
    { url = "https://files.pythonhosted.org/packages/c7/de/3a2883cf8a213659280ef4b403059e17a9acaeb7fc7fd4105e1226ff2e6d/coverage-7.15.2-cp313-cp313-win_arm64.whl", hash = "sha256:3ed010aa1b69cda8e827aabfca9866216c980e2dca82ab9a78c5f83689964c8b", size = 223583, upload_time = "2026-07-15T18:55:12.678Z" },
    { url = "https://files.pythonhosted.org/packages/81/5f/aed265fd7a3551a394f36dfe41868aee709b7f95db4052205b4ad1563ac3/coverage-7.15.2-cp314-cp314-macosx_10_15_x86_64.whl", hash = "sha256:40f633c5c5fc783732f6312280122e859538fa24461235597c13d803ea9a108a", size = 221650, upload_time = "2026-07-15T18:55:14.527Z" },
    { url = "https://files.pythonhosted.org/packages/6b/2c/222ba12a545189017120f8eddfc1a0bd4616b47d5d4a8d99421edb2fe4c6/coverage-7.15.2-cp314-cp314-macosx_11_0_arm64.whl", hash = "sha256:075560438765b7a2ef43bf7aa7758661b53d889df47f062a31bda6c1ade553a2", size = 221988, upload_time = "2026-07-15T18:55:16.674Z" },
    { url = "https://files.pythonhosted.org/packages/aa/38/304b5877ab46e6c290b4292cfcf3fe28245f0e5597cad7f6acc91fc7e0a4/coverage-7.15.2-cp314-cp314-manylinux1_i686.manylinux_2_28_i686.manylinux_2_5_i686.whl", hash = "sha256:25fd15dd40a0a2c51a500d664ca29053c09c3259d998407bf982b6e114696138", size = 253029, upload_time = "2026-07-15T18:55:18.856Z" },
    { url = "https://files.pythonhosted.org/packages/6c/58/821b533b8db9e44cf1d8a97bd525149ced40dde1d0093da02cb78e715244/coverage-7.15.2-cp314-cp314-manylinux1_x86_64.manylinux_2_28_x86_64.manylinux_2_5_x86_64.whl", hash = "sha256:b9a6367e4aff723e8ee8190836836124284e8fcd4265e307c844010cfa074f3f", size = 255536, upload_time = "2026-07-15T18:55:21.027Z" },
    { url = "https://files.pythonhosted.org/packages/f1/f2/7aa06604c389d32ea7f0a6a988359a7eafc3cd3f8e7bc2e88cd2fdf0b877/coverage-7.15.2-cp314-cp314-manylinux2014_aarch64.manylinux_2_17_aarch64.manylinux_2_28_aarch64.whl", hash = "sha256:9854ca62c152874b2060772503535be2e8f53f70b8aaa7686b094888d872f984", size = 256881, upload_time = "2026-07-15T18:55:23.125Z" },
    { url = "https://files.pythonhosted.org/packages/a2/4f/1ef342339c7916d0096bc5888cc0f653882cc7bc8f897d5cb89143287c9b/coverage-7.15.2-cp314-cp314-manylinux2014_ppc64le.manylinux_2_17_ppc64le.manylinux_2_28_ppc64le.whl", hash = "sha256:913b6c56e110da40e035bbd168353bf7aaa2544a5eaccea5d98a4629aac156c7", size = 259196, upload_time = "2026-07-15T18:55:25.099Z" },
    { url = "https://files.pythonhosted.org/packages/fe/f4/7ed055d7a9c5ec13b161773a115a5ccc6b0081d568c31fad830806306cc7/coverage-7.15.2-cp314-cp314-manylinux_2_31_riscv64.manylinux_2_39_riscv64.whl", hash = "sha256:aaccad4129d735a8a4d526f26929894c9a4e8ef7034566f210b176749d6906e3", size = 253036, upload_time = "2026-07-15T18:55:27.018Z" },
    { url = "https://files.pythonhosted.org/packages/14/79/ea82cca18c242a3a38b6c017da39726aa62dcb64aa635abf79b92009975c/coverage-7.15.2-cp314-cp314-musllinux_1_2_aarch64.whl", hash = "sha256:a164b50081fc7357331c4024ef4d17b78ba325f8380d05f5a69599a7e05257ee", size = 254887, upload_time = "2026-07-15T18:55:29.084Z" },
    { url = "https://files.pythonhosted.org/packages/a4/ba/a136db3c0d9562b00e10b72540dbf3a33cd3bc5b95060c9308e247494623/coverage-7.15.2-cp314-cp314-musllinux_1_2_i686.whl", hash = "sha256:bfd341ccf78128e72c094bc70cc25b3ef309c33c7c2c66ba3ed4309549e02de1", size = 252852, upload_time = "2026-07-15T18:55:31.184Z" },
    { url = "https://files.pythonhosted.org/packages/17/17/ea334246b16b7d059953fad6fdefa11e33c68efbd3fe37b1098120a1fac2/coverage-7.15.2-cp314-cp314-musllinux_1_2_ppc64le.whl", hash = "sha256:1473b3ba8e7ee0f076117b1a72c23f579a2b9e2bb742f48a8d86ea27ca93f91a", size = 257128, upload_time = "2026-07-15T18:55:33.163Z" },
    { url = "https://files.pythonhosted.org/packages/ed/c3/074fb66d46d607855f710876b117cbda562c5ab08363528e78820449f937/coverage-7.15.2-cp314-cp314-musllinux_1_2_riscv64.whl", hash = "sha256:17c432b5f73ad52ef46fb06019f6fa7c66ce381961cf0f7dfd1d3a4bd3a98145", size = 252668, upload_time = "2026-07-15T18:55:35.063Z" },
    { url = "https://files.pythonhosted.org/packages/e1/c1/f620850ada9b36435921c9a3a8057013422b1d964eb4bf37fe138724d192/coverage-7.15.2-cp314-cp314-musllinux_1_2_x86_64.whl", hash = "sha256:77f0ef5011df53a4bd1b35211ab122287f8d9b8d7aa1c4553e5c2deb24b1d446", size = 254325, upload_time = "2026-07-15T18:55:37.125Z" },
    { url = "https://files.pythonhosted.org/packages/cc/31/a729ca3689404493af82ef8e6ff70bd88bdda8da89aeef6ca9b387aeb2b4/coverage-7.15.2-cp314-cp314-win32.whl", hash = "sha256:f653e5d7248c1191ec988a85c72edeab46c3ff44f90639a4ed4874ec0be90243", size = 223844, upload_time = "2026-07-15T18:55:39.078Z" },
    { url = "https://files.pythonhosted.org/packages/c6/83/5d809dc808fb1698c671f3e372259bb9158e64b7ea526fc6ab7de64de9fe/coverage-7.15.2-cp314-cp314-win_amd64.whl", hash = "sha256:9911f31aad8906abe337c271343485cf20df5e70df5d2f57f9f136e7b55f26bc", size = 224331, upload_time = "2026-07-15T18:55:41.346Z" },
    { url = "https://files.pythonhosted.org/packages/16/4e/35e488548e952795829e129995c4174df33bf432b591d1aa42c8d9e4e7ad/coverage-7.15.2-cp314-cp314-win_arm64.whl", hash = "sha256:e38def96ad59853824c97953fdcd2c320a84ba3ce99b417db78af8bb6c3db635", size = 223760, upload_time = "2026-07-15T18:55:43.518Z" },
    { url = "https://files.pythonhosted.org/packages/ed/49/dd2c86cd6374038f6e415fb5bfb86db5218553209c081384a020369dee79/coverage-7.15.2-cp314-cp314t-macosx_10_15_x86_64.whl", hash = "sha256:835ec4e20b45f0a7f63ed78f94065aca00de033403df8377bfe8b9c6abc0a7be", size = 222384, upload_time = "2026-07-15T18:55:45.569Z" },
    { url = "https://files.pythonhosted.org/packages/d3/74/173ff17a1c0808e5a438f549f6f145d5ac7528f2791310b63523e3200ac7/coverage-7.15.2-cp314-cp314t-macosx_11_0_arm64.whl", hash = "sha256:7466cc7ab6dc0db871d264bf99e8779f0917ee63d40730af0552f71535a6e072", size = 222647, upload_time = "2026-07-15T18:55:47.544Z" },
    { url = "https://files.pythonhosted.org/packages/84/f8/b8cba872162356fb44ac79c10309d987206a4461e32072fc29228dad7331/coverage-7.15.2-cp314-cp314t-manylinux1_i686.manylinux_2_28_i686.manylinux_2_5_i686.whl", hash = "sha256:e370c12133095ff18432de8c044962be85a5a96d90c6fcbce8e17e76236d2328", size = 264013, upload_time = "2026-07-15T18:55:49.768Z" },
    { url = "https://files.pythonhosted.org/packages/ee/67/a807a7586d0b8cae485308ddd55756f0806c92f8e0b411bacbf23c48edf3/coverage-7.15.2-cp314-cp314t-manylinux1_x86_64.manylinux_2_28_x86_64.manylinux_2_5_x86_64.whl", hash = "sha256:fe41909c9515c3bfdb5f02c4d1f857dba322d9a9a1178069b91eea77889df63a", size = 266135, upload_time = "2026-07-15T18:55:51.941Z" },
    { url = "https://files.pythonhosted.org/packages/ce/67/cd78771dc985f7e4ebdcc82b1a96d9a932af9e806f01f2f91a89f4c72e80/coverage-7.15.2-cp314-cp314t-manylinux2014_aarch64.manylinux_2_17_aarch64.manylinux_2_28_aarch64.whl", hash = "sha256:6aa28cfb6488e5453b5b762d65f73aa586380f6693a04d58078ce228a29b06c0", size = 268555, upload_time = "2026-07-15T18:55:54.065Z" },
    { url = "https://files.pythonhosted.org/packages/18/3e/10134cf81275188c58568f324fc74aedff32c63ca4d5bbc513a91944a6f0/coverage-7.15.2-cp314-cp314t-manylinux2014_ppc64le.manylinux_2_17_ppc64le.manylinux_2_28_ppc64le.whl", hash = "sha256:bcc0aae933921d03096f53b0b03eeb702129fd406dee59f08d2efacc68681fa5", size = 269674, upload_time = "2026-07-15T18:55:56.066Z" },
    { url = "https://files.pythonhosted.org/packages/75/4a/771b77de446cba985dc414bbc5844bd21604da05dbc044286df8318a48a7/coverage-7.15.2-cp314-cp314t-manylinux_2_31_riscv64.manylinux_2_39_riscv64.whl", hash = "sha256:7c63387e21ab21f512c69c9756a8c7dadd322c7275edb064064433c9a09c3743", size = 263101, upload_time = "2026-07-15T18:55:58.107Z" },
    { url = "https://files.pythonhosted.org/packages/5f/b5/70a7011da15f4071943361183aefa27847f3e3aec4fd335f1cb3d3a622b1/coverage-7.15.2-cp314-cp314t-musllinux_1_2_aarch64.whl", hash = "sha256:0e55510bc98ae943cece9e667a6c0fe94c6a92913720dea34243657a17993d0c", size = 266007, upload_time = "2026-07-15T18:56:00.468Z" },
    { url = "https://files.pythonhosted.org/packages/b4/0d/f9547e804ce7ad49646ffeffac26699510efbe6c0f751b66fdc960c4e825/coverage-7.15.2-cp314-cp314t-musllinux_1_2_i686.whl", hash = "sha256:2ff08701be2d1556fc78b326c80a3e8042da09352ecb3819105f8e386c8a3071", size = 263611, upload_time = "2026-07-15T18:56:02.615Z" },
    { url = "https://files.pythonhosted.org/packages/ac/59/f576a396659c0efd351f5c1544f67c3560e89c7761cabf7f65e412beeda5/coverage-7.15.2-cp314-cp314t-musllinux_1_2_ppc64le.whl", hash = "sha256:38c9518b7103826c403a461544e3c2e77151e8676d06eaed85911a97e962584a", size = 267344, upload_time = "2026-07-15T18:56:04.622Z" },
    { url = "https://files.pythonhosted.org/packages/7c/5d/c2e4fce3579c0cb635024293f1a32bbe26df101b3e3a69f22243d1352b6c/coverage-7.15.2-cp314-cp314t-musllinux_1_2_riscv64.whl", hash = "sha256:dee88b1ed88587abd8c0269a1fc1f4cc77f7750d1dfde2869e2a123af420e67d", size = 262456, upload_time = "2026-07-15T18:56:06.641Z" },
    { url = "https://files.pythonhosted.org/packages/bb/dd/956287d69436b66094bc4b57ac2da71e43bfd2a5524e958900b9f582fcf8/coverage-7.15.2-cp314-cp314t-musllinux_1_2_x86_64.whl", hash = "sha256:2fbeeeecea279727f8ac16c8e1133ddfeee793e985c86ae343d6a5ce744eef8c", size = 264771, upload_time = "2026-07-15T18:56:08.795Z" },
    { url = "https://files.pythonhosted.org/packages/2c/5a/6f979530c2734c575de77cf58f5f28d51f7123a94b5030fd9156fe5f363c/coverage-7.15.2-cp314-cp314t-win32.whl", hash = "sha256:cb0fddaa6884be6aae36ced9544b5e90f7d5f03845a2853bf47a14953a4e8688", size = 224151, upload_time = "2026-07-15T18:56:10.856Z" },
    { url = "https://files.pythonhosted.org/packages/54/7e/27f6b2a74d484742f4017553e710b01e396b23d809df3e95ca0bb9a2824b/coverage-7.15.2-cp314-cp314t-win_amd64.whl", hash = "sha256:77f091ea3a9cc611cd29f433565476bc1936c084ac8eee00ea0e7e70c27e4199", size = 224981, upload_time = "2026-07-15T18:56:12.928Z" },
    { url = "https://files.pythonhosted.org/packages/b1/48/284863423aa474240f6842bd00d680da22f4e6ea2e466618ef7c9c9e69a9/coverage-7.15.2-cp314-cp314t-win_arm64.whl", hash = "sha256:6fc448c377d6eeb00a47c673494bd9bae29280ca53987e1869e67ebedfe20658", size = 224294, upload_time = "2026-07-15T18:56:15.156Z" },
    { url = "https://files.pythonhosted.org/packages/ec/82/32e3bd191d498e64f6f911ad55d14006a0861e54869d2d32452326399e65/coverage-7.15.2-py3-none-any.whl", hash = "sha256:eb6bcae8d1a9d305351ecb108232441d11c5cfe9de840a04388ba5d2db8d735c", size = 213375, upload_time = "2026-07-15T18:56:17.305Z" },
]

[[package]]
name = "etils"
version = "1.14.0"
source = { registry = "https://pypi.org/simple" }
sdist = { url = "https://files.pythonhosted.org/packages/26/ce/6e067242fde898841922ac6fc82b0bb2fe35c38e995880bdffdfbe30182a/etils-1.14.0.tar.gz", hash = "sha256:8136e7f4c4173cd0af0ca5481c4475152f0b8686192951eefa60ee8711e1ede4", size = 108127, upload_time = "2026-03-04T17:41:36.291Z" }
wheels = [
    { url = "https://files.pythonhosted.org/packages/5a/3d/589663aeeacd59bb2f3e8596bfd3e81cf0fb18d70bb433199041f469771b/etils-1.14.0-py3-none-any.whl", hash = "sha256:b5df7341f54dbe1405a4450b2741207b4a8c279780402b45f87202b94dfc52b4", size = 172934, upload_time = "2026-03-04T17:41:35.01Z" },
]

[package.optional-dependencies]
epath = [
    { name = "fsspec" },
    { name = "typing-extensions" },
    { name = "zipp" },
]

[[package]]
name = "fsspec"
version = "2026.7.0"
source = { registry = "https://pypi.org/simple" }
sdist = { url = "https://files.pythonhosted.org/packages/00/78/f34251dadb8f3921264a1d9b8946f5e542014ee2614b285261b4e40e6775/fsspec-2026.7.0.tar.gz", hash = "sha256:c803c40f4cf860b49dea58ee3e1c33cb9c790520e233537e1340049f89b82a88", size = 317040, upload_time = "2026-07-28T16:34:51.052Z" }
wheels = [
    { url = "https://files.pythonhosted.org/packages/fd/3c/6a2bf344106328fd04963664a60b9bb6496fc25df8e962fcdc1367285fb9/fsspec-2026.7.0-py3-none-any.whl", hash = "sha256:b57ddbafedfaef7018c1ecab32aa200a9d7ca26b77965f64e48b70061249d279", size = 206583, upload_time = "2026-07-28T16:34:49.538Z" },
]

[[package]]
name = "glfw"
version = "2.10.2"
source = { registry = "https://pypi.org/simple" }
sdist = { url = "https://files.pythonhosted.org/packages/0f/62/096058bcb4b4fb28f7ecd28fb048f07969d90b243c417af5f6d09d45a0c2/glfw-2.10.2.tar.gz", hash = "sha256:5d2cf97c66bc42a6b583be0e307eae5a3945438322e2ed0c5e4f14dc251d693d", size = 36307, upload_time = "2026-07-21T14:42:36.732Z" }
wheels = [
    { url = "https://files.pythonhosted.org/packages/c4/80/5e575ec14f54dc0a644e7215985b9ee7c5044fcc3594d6b83dfdeb04ccd4/glfw-2.10.2-py2.py3-none-macosx_10_6_intel.whl", hash = "sha256:a04d25bb535a3a29e173ea1abd658e161681b5d3816e00bc51c122f74cd7fa3a", size = 110295, upload_time = "2026-07-21T14:42:25.625Z" },
    { url = "https://files.pythonhosted.org/packages/e5/2e/22216db429690aa51fa87d2e2b5e6b610c5a37b9df7768da2927f52f8704/glfw-2.10.2-py2.py3-none-macosx_11_0_arm64.whl", hash = "sha256:c000b8a5e5fb4374b2c18d12347255ccb92001b9bcf80ef74c56072acbb98fe3", size = 107146, upload_time = "2026-07-21T14:42:26.854Z" },
    { url = "https://files.pythonhosted.org/packages/75/a4/9ccee9d5c3b9c5d6bafce3e8d53ab8318eff30124e3c19b95580bebaa6d4/glfw-2.10.2-py2.py3-none-manylinux2014_aarch64.whl", hash = "sha256:0ffe2b48b51f37b05e8f027f57c0b8cd213affaf22fc83401bd9621692d4c6c8", size = 235005, upload_time = "2026-07-21T14:42:27.955Z" },
    { url = "https://files.pythonhosted.org/packages/77/44/37aeed50c581c76e1c5bb83b696a06f98f8ecc979ed8564dde3eef908e8b/glfw-2.10.2-py2.py3-none-manylinux2014_x86_64.whl", hash = "sha256:82daf1f87b2a48815637dc6f6720d4a55a57ba1d3683322dc20dc28065754f97", size = 246951, upload_time = "2026-07-21T14:42:29.107Z" },
    { url = "https://files.pythonhosted.org/packages/52/fc/29b4f1a8c8e33d8934781330a0845458b01da7f389d9fe6a3350e752b7f3/glfw-2.10.2-py2.py3-none-manylinux_2_28_aarch64.whl", hash = "sha256:7604425ec95665cc6a25c3ed7d07e9660d394a34472ceffaec0843c844e7b649", size = 236018, upload_time = "2026-07-21T14:42:30.623Z" },
    { url = "https://files.pythonhosted.org/packages/69/84/1b98671314ea5f40397586b6cd14db913de3196333be558fdc177e61708f/glfw-2.10.2-py2.py3-none-manylinux_2_28_x86_64.whl", hash = "sha256:b860de3ca0686182483f98f3ddd12e660acf25b3e0d521450ec9a3f999f72a65", size = 248490, upload_time = "2026-07-21T14:42:32.377Z" },
    { url = "https://files.pythonhosted.org/packages/12/d9/bd2e6c8dbadcf69fcd2289705e75881258b46221c196903a52e9f6e97322/glfw-2.10.2-py2.py3-none-win32.whl", hash = "sha256:a94aefe8c48886fd83cd6e11e936846166a4b5b94abf1f4bf599d984774b0b1b", size = 557654, upload_time = "2026-07-21T14:42:33.903Z" },
    { url = "https://files.pythonhosted.org/packages/e0/6c/4ca5f3ab85a8d7f612ce857208726e9b834e54e559751e3d4f98cc2f7509/glfw-2.10.2-py2.py3-none-win_amd64.whl", hash = "sha256:15fd0666cd8f1b0ecb535c3abb712b8ddda053bf8d16de2353b1c6ced0e65402", size = 564433, upload_time = "2026-07-21T14:42:35.465Z" },
]

[[package]]
name = "iniconfig"
version = "2.3.0"
source = { registry = "https://pypi.org/simple" }
sdist = { url = "https://files.pythonhosted.org/packages/72/34/14ca021ce8e5dfedc35312d08ba8bf51fdd999c576889fc2c24cb97f4f10/iniconfig-2.3.0.tar.gz", hash = "sha256:c76315c77db068650d49c5b56314774a7804df16fee4402c1f19d6d15d8c4730", size = 20503, upload_time = "2025-10-18T21:55:43.219Z" }
wheels = [
    { url = "https://files.pythonhosted.org/packages/cb/b1/3846dd7f199d53cb17f49cba7e651e9ce294d8497c8c150530ed11865bb8/iniconfig-2.3.0-py3-none-any.whl", hash = "sha256:f631c04d2c48c52b84d0d0549c99ff3859c98df65b3101406327ecc7d53fbf12", size = 7484, upload_time = "2025-10-18T21:55:41.639Z" },
]

[[package]]
name = "mujoco"
version = "3.11.0"
source = { registry = "https://pypi.org/simple" }
dependencies = [
    { name = "absl-py" },
    { name = "etils", extra = ["epath"] },
    { name = "glfw" },
    { name = "numpy" },
    { name = "pyopengl" },
]
sdist = { url = "https://files.pythonhosted.org/packages/3b/2d/290f3f4062eec1c0d5246de0a75f1b18b59a1961081f49ddc97333fc8263/mujoco-3.11.0.tar.gz", hash = "sha256:390856102af9547dfd87cb2791eb105a3d2e00a37323fe9a12ed17e512aff1a6", size = 1139880, upload_time = "2026-07-28T01:23:32.252Z" }
wheels = [
    { url = "https://files.pythonhosted.org/packages/d7/16/4b822d608cb4bc5aafe910b6f6947c73ecd467470935408e4ad0d207023e/mujoco-3.11.0-cp313-cp313-macosx_11_0_arm64.whl", hash = "sha256:dd282aae46dc7350472bd4a81dd789ea011ff961c00fd60c9434e67bfd0519a3", size = 17511474, upload_time = "2026-07-28T01:22:57.111Z" },
    { url = "https://files.pythonhosted.org/packages/47/73/4cbe741986ed86f13e86ad92a11de870bdec4979eaafcbc7ef3164680260/mujoco-3.11.0-cp313-cp313-manylinux_2_27_aarch64.manylinux_2_28_aarch64.whl", hash = "sha256:b1ea2ed1d20b7cca55fc1e0257f2d4f6ab6e83855f669530fb3f55c85da80aac", size = 17704381, upload_time = "2026-07-28T01:23:00.158Z" },
    { url = "https://files.pythonhosted.org/packages/90/2e/843071e21831fa5ef4029de6874789f9fd32f340d42fced383757c484bdd/mujoco-3.11.0-cp313-cp313-manylinux_2_27_x86_64.manylinux_2_28_x86_64.whl", hash = "sha256:3379c36b508474127b08e51e77942c493c2f1d7215b425e3b95de08dcba662e0", size = 18868301, upload_time = "2026-07-28T01:23:03.054Z" },
    { url = "https://files.pythonhosted.org/packages/bb/25/2a518a33b359b0798a9e8b55f30a4c9ab0cadd0cab8d85872ff9da6ca309/mujoco-3.11.0-cp313-cp313-win_amd64.whl", hash = "sha256:d48b4a18d409ce4c746f32b3b402a8419b7450d9a89de68b81d73a3ef333d0e4", size = 15792231, upload_time = "2026-07-28T01:23:05.798Z" },
    { url = "https://files.pythonhosted.org/packages/36/56/1d434ab8e072a6ca9074a27951cc08770db50daa4f2908fc51c8fe1c73dd/mujoco-3.11.0-cp314-cp314-macosx_11_0_arm64.whl", hash = "sha256:d0f031b5b747a96c07938a47305f46079b75697282723e3ae1864c089bb56c02", size = 17525650, upload_time = "2026-07-28T01:23:08.562Z" },
    { url = "https://files.pythonhosted.org/packages/5f/5a/f2fce0b815a51a3cb87d62e0fb3647f8d10330b30a8e7d381b733773263e/mujoco-3.11.0-cp314-cp314-manylinux_2_27_aarch64.manylinux_2_28_aarch64.whl", hash = "sha256:eeb372621f885a0ad16ef879c91ff74d47b3b9533babdc16e07303836a23d27e", size = 17720735, upload_time = "2026-07-28T01:23:11.205Z" },
    { url = "https://files.pythonhosted.org/packages/f9/98/fad81239c7b827a64a472206a6bff5346e3fa949e6ce4945595329d3fdc7/mujoco-3.11.0-cp314-cp314-manylinux_2_27_x86_64.manylinux_2_28_x86_64.whl", hash = "sha256:06af29af1fa40156126165f2634481ef7c0f8dabb9f07892c5af30039c5a59dc", size = 18866078, upload_time = "2026-07-28T01:23:13.982Z" },
    { url = "https://files.pythonhosted.org/packages/81/33/93ba5542249502ab9d7c1d1f3e38cd915a0259bc4c8cd124c05dbe17e7bb/mujoco-3.11.0-cp314-cp314-win_amd64.whl", hash = "sha256:2a9bf53284604397b7cd041cecb22c8f6b10afdddb4c723d5ff493f9f6b630d7", size = 16436726, upload_time = "2026-07-28T01:23:29.6Z" },
    { url = "https://files.pythonhosted.org/packages/5b/b8/bc0835e43ed36ab465b4c3b1f6f8324c025207acc4d1e9c24ffaa4ebfb87/mujoco-3.11.0-cp314-cp314t-macosx_11_0_arm64.whl", hash = "sha256:b2be7535332976a82ec69a118cdeb3db3580aba19e3d82bca91c95a416e2a9ce", size = 17696886, upload_time = "2026-07-28T01:23:17.225Z" },
    { url = "https://files.pythonhosted.org/packages/36/a4/8444786ee44588a02842069eeaca31fc1a25357ac9b5ef03d96e424dc8fd/mujoco-3.11.0-cp314-cp314t-manylinux_2_27_aarch64.manylinux_2_28_aarch64.whl", hash = "sha256:80cf42c0153d8dac61fb56724ba3fd8b0e0fb7093c013d57ae9e51f894262338", size = 17952805, upload_time = "2026-07-28T01:23:20.432Z" },
    { url = "https://files.pythonhosted.org/packages/7b/bd/46a43763dac53e840a9ce1f204f9d80fb07fc7c2a6805cb023fdc35a0986/mujoco-3.11.0-cp314-cp314t-manylinux_2_27_x86_64.manylinux_2_28_x86_64.whl", hash = "sha256:8205329fce598bc3aede8ef530da6a70c529c8f4a91efdc79933614ba3f126fb", size = 19029401, upload_time = "2026-07-28T01:23:23.656Z" },
    { url = "https://files.pythonhosted.org/packages/ad/d8/10200a2c1dc65738bc21375b23fe986e4bf435be045ea91eaf698e86cfd7/mujoco-3.11.0-cp314-cp314t-win_amd64.whl", hash = "sha256:0804a70ccd9b669ed36e1ede45781d0d707f2940d560ed756647cc8d9ade847c", size = 16460526, upload_time = "2026-07-28T01:23:26.81Z" },
]

[[package]]
name = "numpy"
version = "2.3.4"
source = { registry = "https://pypi.org/simple" }
sdist = { url = "https://files.pythonhosted.org/packages/b5/f4/098d2270d52b41f1bd7db9fc288aaa0400cb48c2a3e2af6fa365d9720947/numpy-2.3.4.tar.gz", hash = "sha256:a7d018bfedb375a8d979ac758b120ba846a7fe764911a64465fd87b8729f4a6a", size = 20582187, upload_time = "2025-10-15T16:18:11.77Z" }
wheels = [
    { url = "https://files.pythonhosted.org/packages/57/7e/b72610cc91edf138bc588df5150957a4937221ca6058b825b4725c27be62/numpy-2.3.4-cp313-cp313-macosx_10_13_x86_64.whl", hash = "sha256:c090d4860032b857d94144d1a9976b8e36709e40386db289aaf6672de2a81966", size = 20950335, upload_time = "2025-10-15T16:16:10.304Z" },
    { url = "https://files.pythonhosted.org/packages/3e/46/bdd3370dcea2f95ef14af79dbf81e6927102ddf1cc54adc0024d61252fd9/numpy-2.3.4-cp313-cp313-macosx_11_0_arm64.whl", hash = "sha256:a13fc473b6db0be619e45f11f9e81260f7302f8d180c49a22b6e6120022596b3", size = 14179878, upload_time = "2025-10-15T16:16:12.595Z" },
    { url = "https://files.pythonhosted.org/packages/ac/01/5a67cb785bda60f45415d09c2bc245433f1c68dd82eef9c9002c508b5a65/numpy-2.3.4-cp313-cp313-macosx_14_0_arm64.whl", hash = "sha256:3634093d0b428e6c32c3a69b78e554f0cd20ee420dcad5a9f3b2a63762ce4197", size = 5108673, upload_time = "2025-10-15T16:16:14.877Z" },
    { url = "https://files.pythonhosted.org/packages/c2/cd/8428e23a9fcebd33988f4cb61208fda832800ca03781f471f3727a820704/numpy-2.3.4-cp313-cp313-macosx_14_0_x86_64.whl", hash = "sha256:043885b4f7e6e232d7df4f51ffdef8c36320ee9d5f227b380ea636722c7ed12e", size = 6641438, upload_time = "2025-10-15T16:16:16.805Z" },
    { url = "https://files.pythonhosted.org/packages/3e/d1/913fe563820f3c6b079f992458f7331278dcd7ba8427e8e745af37ddb44f/numpy-2.3.4-cp313-cp313-manylinux_2_27_aarch64.manylinux_2_28_aarch64.whl", hash = "sha256:4ee6a571d1e4f0ea6d5f22d6e5fbd6ed1dc2b18542848e1e7301bd190500c9d7", size = 14281290, upload_time = "2025-10-15T16:16:18.764Z" },
    { url = "https://files.pythonhosted.org/packages/9e/7e/7d306ff7cb143e6d975cfa7eb98a93e73495c4deabb7d1b5ecf09ea0fd69/numpy-2.3.4-cp313-cp313-manylinux_2_27_x86_64.manylinux_2_28_x86_64.whl", hash = "sha256:fc8a63918b04b8571789688b2780ab2b4a33ab44bfe8ccea36d3eba51228c953", size = 16636543, upload_time = "2025-10-15T16:16:21.072Z" },
    { url = "https://files.pythonhosted.org/packages/47/6a/8cfc486237e56ccfb0db234945552a557ca266f022d281a2f577b98e955c/numpy-2.3.4-cp313-cp313-musllinux_1_2_aarch64.whl", hash = "sha256:40cc556d5abbc54aabe2b1ae287042d7bdb80c08edede19f0c0afb36ae586f37", size = 16056117, upload_time = "2025-10-15T16:16:23.369Z" },
    { url = "https://files.pythonhosted.org/packages/b1/0e/42cb5e69ea901e06ce24bfcc4b5664a56f950a70efdcf221f30d9615f3f3/numpy-2.3.4-cp313-cp313-musllinux_1_2_x86_64.whl", hash = "sha256:ecb63014bb7f4ce653f8be7f1df8cbc6093a5a2811211770f6606cc92b5a78fd", size = 18577788, upload_time = "2025-10-15T16:16:27.496Z" },
    { url = "https://files.pythonhosted.org/packages/86/92/41c3d5157d3177559ef0a35da50f0cda7fa071f4ba2306dd36818591a5bc/numpy-2.3.4-cp313-cp313-win32.whl", hash = "sha256:e8370eb6925bb8c1c4264fec52b0384b44f675f191df91cbe0140ec9f0955646", size = 6282620, upload_time = "2025-10-15T16:16:29.811Z" },
    { url = "https://files.pythonhosted.org/packages/09/97/fd421e8bc50766665ad35536c2bb4ef916533ba1fdd053a62d96cc7c8b95/numpy-2.3.4-cp313-cp313-win_amd64.whl", hash = "sha256:56209416e81a7893036eea03abcb91c130643eb14233b2515c90dcac963fe99d", size = 12784672, upload_time = "2025-10-15T16:16:31.589Z" },
    { url = "https://files.pythonhosted.org/packages/ad/df/5474fb2f74970ca8eb978093969b125a84cc3d30e47f82191f981f13a8a0/numpy-2.3.4-cp313-cp313-win_arm64.whl", hash = "sha256:a700a4031bc0fd6936e78a752eefb79092cecad2599ea9c8039c548bc097f9bc", size = 10196702, upload_time = "2025-10-15T16:16:33.902Z" },
    { url = "https://files.pythonhosted.org/packages/11/83/66ac031464ec1767ea3ed48ce40f615eb441072945e98693bec0bcd056cc/numpy-2.3.4-cp313-cp313t-macosx_10_13_x86_64.whl", hash = "sha256:86966db35c4040fdca64f0816a1c1dd8dbd027d90fca5a57e00e1ca4cd41b879", size = 21049003, upload_time = "2025-10-15T16:16:36.101Z" },
    { url = "https://files.pythonhosted.org/packages/5f/99/5b14e0e686e61371659a1d5bebd04596b1d72227ce36eed121bb0aeab798/numpy-2.3.4-cp313-cp313t-macosx_11_0_arm64.whl", hash = "sha256:838f045478638b26c375ee96ea89464d38428c69170360b23a1a50fa4baa3562", size = 14302980, upload_time = "2025-10-15T16:16:39.124Z" },
    { url = "https://files.pythonhosted.org/packages/2c/44/e9486649cd087d9fc6920e3fc3ac2aba10838d10804b1e179fb7cbc4e634/numpy-2.3.4-cp313-cp313t-macosx_14_0_arm64.whl", hash = "sha256:d7315ed1dab0286adca467377c8381cd748f3dc92235f22a7dfc42745644a96a", size = 5231472, upload_time = "2025-10-15T16:16:41.168Z" },
    { url = "https://files.pythonhosted.org/packages/3e/51/902b24fa8887e5fe2063fd61b1895a476d0bbf46811ab0c7fdf4bd127345/numpy-2.3.4-cp313-cp313t-macosx_14_0_x86_64.whl", hash = "sha256:84f01a4d18b2cc4ade1814a08e5f3c907b079c847051d720fad15ce37aa930b6", size = 6739342, upload_time = "2025-10-15T16:16:43.777Z" },
    { url = "https://files.pythonhosted.org/packages/34/f1/4de9586d05b1962acdcdb1dc4af6646361a643f8c864cef7c852bf509740/numpy-2.3.4-cp313-cp313t-manylinux_2_27_aarch64.manylinux_2_28_aarch64.whl", hash = "sha256:817e719a868f0dacde4abdfc5c1910b301877970195db9ab6a5e2c4bd5b121f7", size = 14354338, upload_time = "2025-10-15T16:16:46.081Z" },
    { url = "https://files.pythonhosted.org/packages/1f/06/1c16103b425de7969d5a76bdf5ada0804b476fed05d5f9e17b777f1cbefd/numpy-2.3.4-cp313-cp313t-manylinux_2_27_x86_64.manylinux_2_28_x86_64.whl", hash = "sha256:85e071da78d92a214212cacea81c6da557cab307f2c34b5f85b628e94803f9c0", size = 16702392, upload_time = "2025-10-15T16:16:48.455Z" },
    { url = "https://files.pythonhosted.org/packages/34/b2/65f4dc1b89b5322093572b6e55161bb42e3e0487067af73627f795cc9d47/numpy-2.3.4-cp313-cp313t-musllinux_1_2_aarch64.whl", hash = "sha256:2ec646892819370cf3558f518797f16597b4e4669894a2ba712caccc9da53f1f", size = 16134998, upload_time = "2025-10-15T16:16:51.114Z" },
    { url = "https://files.pythonhosted.org/packages/d4/11/94ec578896cdb973aaf56425d6c7f2aff4186a5c00fac15ff2ec46998b46/numpy-2.3.4-cp313-cp313t-musllinux_1_2_x86_64.whl", hash = "sha256:035796aaaddfe2f9664b9a9372f089cfc88bd795a67bd1bfe15e6e770934cf64", size = 18651574, upload_time = "2025-10-15T16:16:53.429Z" },
    { url = "https://files.pythonhosted.org/packages/62/b7/7efa763ab33dbccf56dade36938a77345ce8e8192d6b39e470ca25ff3cd0/numpy-2.3.4-cp313-cp313t-win32.whl", hash = "sha256:fea80f4f4cf83b54c3a051f2f727870ee51e22f0248d3114b8e755d160b38cfb", size = 6413135, upload_time = "2025-10-15T16:16:55.992Z" },
    { url = "https://files.pythonhosted.org/packages/43/70/aba4c38e8400abcc2f345e13d972fb36c26409b3e644366db7649015f291/numpy-2.3.4-cp313-cp313t-win_amd64.whl", hash = "sha256:15eea9f306b98e0be91eb344a94c0e630689ef302e10c2ce5f7e11905c704f9c", size = 12928582, upload_time = "2025-10-15T16:16:57.943Z" },
    { url = "https://files.pythonhosted.org/packages/67/63/871fad5f0073fc00fbbdd7232962ea1ac40eeaae2bba66c76214f7954236/numpy-2.3.4-cp313-cp313t-win_arm64.whl", hash = "sha256:b6c231c9c2fadbae4011ca5e7e83e12dc4a5072f1a1d85a0a7b3ed754d145a40", size = 10266691, upload_time = "2025-10-15T16:17:00.048Z" },
    { url = "https://files.pythonhosted.org/packages/72/71/ae6170143c115732470ae3a2d01512870dd16e0953f8a6dc89525696069b/numpy-2.3.4-cp314-cp314-macosx_10_15_x86_64.whl", hash = "sha256:81c3e6d8c97295a7360d367f9f8553973651b76907988bb6066376bc2252f24e", size = 20955580, upload_time = "2025-10-15T16:17:02.509Z" },
    { url = "https://files.pythonhosted.org/packages/af/39/4be9222ffd6ca8a30eda033d5f753276a9c3426c397bb137d8e19dedd200/numpy-2.3.4-cp314-cp314-macosx_11_0_arm64.whl", hash = "sha256:7c26b0b2bf58009ed1f38a641f3db4be8d960a417ca96d14e5b06df1506d41ff", size = 14188056, upload_time = "2025-10-15T16:17:04.873Z" },
    { url = "https://files.pythonhosted.org/packages/6c/3d/d85f6700d0a4aa4f9491030e1021c2b2b7421b2b38d01acd16734a2bfdc7/numpy-2.3.4-cp314-cp314-macosx_14_0_arm64.whl", hash = "sha256:62b2198c438058a20b6704351b35a1d7db881812d8512d67a69c9de1f18ca05f", size = 5116555, upload_time = "2025-10-15T16:17:07.499Z" },
    { url = "https://files.pythonhosted.org/packages/bf/04/82c1467d86f47eee8a19a464c92f90a9bb68ccf14a54c5224d7031241ffb/numpy-2.3.4-cp314-cp314-macosx_14_0_x86_64.whl", hash = "sha256:9d729d60f8d53a7361707f4b68a9663c968882dd4f09e0d58c044c8bf5faee7b", size = 6643581, upload_time = "2025-10-15T16:17:09.774Z" },
    { url = "https://files.pythonhosted.org/packages/0c/d3/c79841741b837e293f48bd7db89d0ac7a4f2503b382b78a790ef1dc778a5/numpy-2.3.4-cp314-cp314-manylinux_2_27_aarch64.manylinux_2_28_aarch64.whl", hash = "sha256:bd0c630cf256b0a7fd9d0a11c9413b42fef5101219ce6ed5a09624f5a65392c7", size = 14299186, upload_time = "2025-10-15T16:17:11.937Z" },
    { url = "https://files.pythonhosted.org/packages/e8/7e/4a14a769741fbf237eec5a12a2cbc7a4c4e061852b6533bcb9e9a796c908/numpy-2.3.4-cp314-cp314-manylinux_2_27_x86_64.manylinux_2_28_x86_64.whl", hash = "sha256:d5e081bc082825f8b139f9e9fe42942cb4054524598aaeb177ff476cc76d09d2", size = 16638601, upload_time = "2025-10-15T16:17:14.391Z" },
    { url = "https://files.pythonhosted.org/packages/93/87/1c1de269f002ff0a41173fe01dcc925f4ecff59264cd8f96cf3b60d12c9b/numpy-2.3.4-cp314-cp314-musllinux_1_2_aarch64.whl", hash = "sha256:15fb27364ed84114438fff8aaf998c9e19adbeba08c0b75409f8c452a8692c52", size = 16074219, upload_time = "2025-10-15T16:17:17.058Z" },
    { url = "https://files.pythonhosted.org/packages/cd/28/18f72ee77408e40a76d691001ae599e712ca2a47ddd2c4f695b16c65f077/numpy-2.3.4-cp314-cp314-musllinux_1_2_x86_64.whl", hash = "sha256:85d9fb2d8cd998c84d13a79a09cc0c1091648e848e4e6249b0ccd7f6b487fa26", size = 18576702, upload_time = "2025-10-15T16:17:19.379Z" },
    { url = "https://files.pythonhosted.org/packages/c3/76/95650169b465ececa8cf4b2e8f6df255d4bf662775e797ade2025cc51ae6/numpy-2.3.4-cp314-cp314-win32.whl", hash = "sha256:e73d63fd04e3a9d6bc187f5455d81abfad05660b212c8804bf3b407e984cd2bc", size = 6337136, upload_time = "2025-10-15T16:17:22.886Z" },
    { url = "https://files.pythonhosted.org/packages/dc/89/a231a5c43ede5d6f77ba4a91e915a87dea4aeea76560ba4d2bf185c683f0/numpy-2.3.4-cp314-cp314-win_amd64.whl", hash = "sha256:3da3491cee49cf16157e70f607c03a217ea6647b1cea4819c4f48e53d49139b9", size = 12920542, upload_time = "2025-10-15T16:17:24.783Z" },
    { url = "https://files.pythonhosted.org/packages/0d/0c/ae9434a888f717c5ed2ff2393b3f344f0ff6f1c793519fa0c540461dc530/numpy-2.3.4-cp314-cp314-win_arm64.whl", hash = "sha256:6d9cd732068e8288dbe2717177320723ccec4fb064123f0caf9bbd90ab5be868", size = 10480213, upload_time = "2025-10-15T16:17:26.935Z" },
    { url = "https://files.pythonhosted.org/packages/83/4b/c4a5f0841f92536f6b9592694a5b5f68c9ab37b775ff342649eadf9055d3/numpy-2.3.4-cp314-cp314t-macosx_10_15_x86_64.whl", hash = "sha256:22758999b256b595cf0b1d102b133bb61866ba5ceecf15f759623b64c020c9ec", size = 21052280, upload_time = "2025-10-15T16:17:29.638Z" },
    { url = "https://files.pythonhosted.org/packages/3e/80/90308845fc93b984d2cc96d83e2324ce8ad1fd6efea81b324cba4b673854/numpy-2.3.4-cp314-cp314t-macosx_11_0_arm64.whl", hash = "sha256:9cb177bc55b010b19798dc5497d540dea67fd13a8d9e882b2dae71de0cf09eb3", size = 14302930, upload_time = "2025-10-15T16:17:32.384Z" },
    { url = "https://files.pythonhosted.org/packages/3d/4e/07439f22f2a3b247cec4d63a713faae55e1141a36e77fb212881f7cda3fb/numpy-2.3.4-cp314-cp314t-macosx_14_0_arm64.whl", hash = "sha256:0f2bcc76f1e05e5ab58893407c63d90b2029908fa41f9f1cc51eecce936c3365", size = 5231504, upload_time = "2025-10-15T16:17:34.515Z" },
    { url = "https://files.pythonhosted.org/packages/ab/de/1e11f2547e2fe3d00482b19721855348b94ada8359aef5d40dd57bfae9df/numpy-2.3.4-cp314-cp314t-macosx_14_0_x86_64.whl", hash = "sha256:8dc20bde86802df2ed8397a08d793da0ad7a5fd4ea3ac85d757bf5dd4ad7c252", size = 6739405, upload_time = "2025-10-15T16:17:36.128Z" },
    { url = "https://files.pythonhosted.org/packages/3b/40/8cd57393a26cebe2e923005db5134a946c62fa56a1087dc7c478f3e30837/numpy-2.3.4-cp314-cp314t-manylinux_2_27_aarch64.manylinux_2_28_aarch64.whl", hash = "sha256:5e199c087e2aa71c8f9ce1cb7a8e10677dc12457e7cc1be4798632da37c3e86e", size = 14354866, upload_time = "2025-10-15T16:17:38.884Z" },
    { url = "https://files.pythonhosted.org/packages/93/39/5b3510f023f96874ee6fea2e40dfa99313a00bf3ab779f3c92978f34aace/numpy-2.3.4-cp314-cp314t-manylinux_2_27_x86_64.manylinux_2_28_x86_64.whl", hash = "sha256:85597b2d25ddf655495e2363fe044b0ae999b75bc4d630dc0d886484b03a5eb0", size = 16703296, upload_time = "2025-10-15T16:17:41.564Z" },
    { url = "https://files.pythonhosted.org/packages/41/0d/19bb163617c8045209c1996c4e427bccbc4bbff1e2c711f39203c8ddbb4a/numpy-2.3.4-cp314-cp314t-musllinux_1_2_aarch64.whl", hash = "sha256:04a69abe45b49c5955923cf2c407843d1c85013b424ae8a560bba16c92fe44a0", size = 16136046, upload_time = "2025-10-15T16:17:43.901Z" },
    { url = "https://files.pythonhosted.org/packages/e2/c1/6dba12fdf68b02a21ac411c9df19afa66bed2540f467150ca64d246b463d/numpy-2.3.4-cp314-cp314t-musllinux_1_2_x86_64.whl", hash = "sha256:e1708fac43ef8b419c975926ce1eaf793b0c13b7356cfab6ab0dc34c0a02ac0f", size = 18652691, upload_time = "2025-10-15T16:17:46.247Z" },
    { url = "https://files.pythonhosted.org/packages/f8/73/f85056701dbbbb910c51d846c58d29fd46b30eecd2b6ba760fc8b8a1641b/numpy-2.3.4-cp314-cp314t-win32.whl", hash = "sha256:863e3b5f4d9915aaf1b8ec79ae560ad21f0b8d5e3adc31e73126491bb86dee1d", size = 6485782, upload_time = "2025-10-15T16:17:48.872Z" },
    { url = "https://files.pythonhosted.org/packages/17/90/28fa6f9865181cb817c2471ee65678afa8a7e2a1fb16141473d5fa6bacc3/numpy-2.3.4-cp314-cp314t-win_amd64.whl", hash = "sha256:962064de37b9aef801d33bc579690f8bfe6c5e70e29b61783f60bcba838a14d6", size = 13113301, upload_time = "2025-10-15T16:17:50.938Z" },
    { url = "https://files.pythonhosted.org/packages/54/23/08c002201a8e7e1f9afba93b97deceb813252d9cfd0d3351caed123dcf97/numpy-2.3.4-cp314-cp314t-win_arm64.whl", hash = "sha256:8b5a9a39c45d852b62693d9b3f3e0fe052541f804296ff401a72a1b60edafb29", size = 10547532, upload_time = "2025-10-15T16:17:53.48Z" },
]

[[package]]
name = "packaging"
version = "25.0"
source = { registry = "https://pypi.org/simple" }
sdist = { url = "https://files.pythonhosted.org/packages/a1/d4/1fc4078c65507b51b96ca8f8c3ba19e6a61c8253c72794544580a7b6c24d/packaging-25.0.tar.gz", hash = "sha256:d443872c98d677bf60f6a1f2f8c1cb748e8fe762d2bf9d3148b5599295b0fc4f", size = 165727, upload_time = "2025-04-19T11:48:59.673Z" }
wheels = [
    { url = "https://files.pythonhosted.org/packages/20/12/38679034af332785aac8774540895e234f4d07f7545804097de4b666afd8/packaging-25.0-py3-none-any.whl", hash = "sha256:29572ef2b1f17581046b3a2227d5c611fb25ec70ca1ba8554b24b0e69331a484", size = 66469, upload_time = "2025-04-19T11:48:57.875Z" },
]

[[package]]
name = "pluggy"
version = "1.6.0"
source = { registry = "https://pypi.org/simple" }
sdist = { url = "https://files.pythonhosted.org/packages/f9/e2/3e91f31a7d2b083fe6ef3fa267035b518369d9511ffab804f839851d2779/pluggy-1.6.0.tar.gz", hash = "sha256:7dcc130b76258d33b90f61b658791dede3486c3e6bfb003ee5c9bfb396dd22f3", size = 69412, upload_time = "2025-05-15T12:30:07.975Z" }
wheels = [
    { url = "https://files.pythonhosted.org/packages/54/20/4d324d65cc6d9205fabedc306948156824eb9f0ee1633355a8f7ec5c66bf/pluggy-1.6.0-py3-none-any.whl", hash = "sha256:e920276dd6813095e9377c0bc5566d94c932c33b27a3e3945d8389c374dd4746", size = 20538, upload_time = "2025-05-15T12:30:06.134Z" },
]

[[package]]
name = "pygments"
version = "2.20.0"
source = { registry = "https://pypi.org/simple" }
sdist = { url = "https://files.pythonhosted.org/packages/c3/b2/bc9c9196916376152d655522fdcebac55e66de6603a76a02bca1b6414f6c/pygments-2.20.0.tar.gz", hash = "sha256:6757cd03768053ff99f3039c1a36d6c0aa0b263438fcab17520b30a303a82b5f", size = 4955991, upload_time = "2026-03-29T13:29:33.898Z" }
wheels = [
    { url = "https://files.pythonhosted.org/packages/f4/7e/a72dd26f3b0f4f2bf1dd8923c85f7ceb43172af56d63c7383eb62b332364/pygments-2.20.0-py3-none-any.whl", hash = "sha256:81a9e26dd42fd28a23a2d169d86d7ac03b46e2f8b59ed4698fb4785f946d0176", size = 1231151, upload_time = "2026-03-29T13:29:30.038Z" },
]

[[package]]
name = "pyopengl"
version = "3.1.10"
source = { registry = "https://pypi.org/simple" }
sdist = { url = "https://files.pythonhosted.org/packages/6f/16/912b7225d56284859cd9a672827f18be43f8012f8b7b932bc4bd959a298e/pyopengl-3.1.10.tar.gz", hash = "sha256:c4a02d6866b54eb119c8e9b3fb04fa835a95ab802dd96607ab4cdb0012df8335", size = 1915580, upload_time = "2025-08-18T02:33:01.76Z" }
wheels = [
    { url = "https://files.pythonhosted.org/packages/de/e4/1ba6f44e491c4eece978685230dde56b14d51a0365bc1b774ddaa94d14cd/pyopengl-3.1.10-py3-none-any.whl", hash = "sha256:794a943daced39300879e4e47bd94525280685f42dbb5a998d336cfff151d74f", size = 3194996, upload_time = "2025-08-18T02:32:59.902Z" },
]

[[package]]
name = "pytest"
version = "9.1.1"
source = { registry = "https://pypi.org/simple" }
dependencies = [
    { name = "colorama", marker = "sys_platform == 'win32'" },
    { name = "iniconfig" },
    { name = "packaging" },
    { name = "pluggy" },
    { name = "pygments" },
]
sdist = { url = "https://files.pythonhosted.org/packages/e4/47/b9efed96c114afcfa3c9d3fe98a76a1d14c74a9e266d397cf6eb64be5e01/pytest-9.1.1.tar.gz", hash = "sha256:1088fbde8f2b49d95a549a195707afa7a76a3ce9bcadc26b6d71f0ffda5fe313", size = 1636369, upload_time = "2026-06-19T10:58:32.857Z" }
wheels = [
    { url = "https://files.pythonhosted.org/packages/24/25/1de2678b631f5a49215c6c96fff41ba892b0a34df68d6d80292b1b48aa7f/pytest-9.1.1-py3-none-any.whl", hash = "sha256:37a86b45efb9a47a61a36449063e8e18d0cab3161329fc099eb21783169c4f0c", size = 386536, upload_time = "2026-06-19T10:58:31.347Z" },
]

[[package]]
name = "pytest-cov"
version = "7.1.0"
source = { registry = "https://pypi.org/simple" }
dependencies = [
    { name = "coverage" },
    { name = "pluggy" },
    { name = "pytest" },
]
sdist = { url = "https://files.pythonhosted.org/packages/b1/51/a849f96e117386044471c8ec2bd6cfebacda285da9525c9106aeb28da671/pytest_cov-7.1.0.tar.gz", hash = "sha256:30674f2b5f6351aa09702a9c8c364f6a01c27aae0c1366ae8016160d1efc56b2", size = 55592, upload_time = "2026-03-21T20:11:16.284Z" }
wheels = [
    { url = "https://files.pythonhosted.org/packages/9d/7a/d968e294073affff457b041c2be9868a40c1c71f4a35fcc1e45e5493067b/pytest_cov-7.1.0-py3-none-any.whl", hash = "sha256:a0461110b7865f9a271aa1b51e516c9a95de9d696734a2f71e3e78f46e1d4678", size = 22876, upload_time = "2026-03-21T20:11:14.438Z" },
]

[[package]]
name = "typing-extensions"
version = "4.16.0"
source = { registry = "https://pypi.org/simple" }
sdist = { url = "https://files.pythonhosted.org/packages/f6/cc/6253133b5bb138fc3306cebfbda2c520f545d36b5be2c7255cc528bb45d6/typing_extensions-4.16.0.tar.gz", hash = "sha256:dc983d19a509c94dba722ee6abd33940f7c05a89e243c47e907eb4db6f1a43e5", size = 113555, upload_time = "2026-07-02T08:40:05.92Z" }
wheels = [
    { url = "https://files.pythonhosted.org/packages/49/d3/b8441a820a491ddfc024b0b0cf0393375b75ea13866d9c66727e54c2fc80/typing_extensions-4.16.0-py3-none-any.whl", hash = "sha256:481caa481374e813c1b176ada14e97f1f67a4539ce9cfeb3f350d78d6370c2e8", size = 45571, upload_time = "2026-07-02T08:40:04.659Z" },
]

[[package]]
name = "uav-autonomous-control"
version = "0.1.0"
source = { virtual = "." }
dependencies = [
    { name = "mujoco" },
    { name = "numpy" },
]

[package.dev-dependencies]
dev = [
    { name = "pytest" },
    { name = "pytest-cov" },
]

[package.metadata]
requires-dist = [
    { name = "mujoco", specifier = ">=3.3.7" },
    { name = "numpy", specifier = ">=2.3.4" },
]

[package.metadata.requires-dev]
dev = [
    { name = "pytest", specifier = ">=8.3" },
    { name = "pytest-cov", specifier = ">=6.0" },
]

[[package]]
name = "zipp"
version = "4.1.0"
source = { registry = "https://pypi.org/simple" }
sdist = { url = "https://files.pythonhosted.org/packages/b9/d8/eab98a517c14134c0b2eb4e2387bc5f457334293ec5d2dd3857ec2966802/zipp-4.1.0.tar.gz", hash = "sha256:4cb57381f544315db7688e976e922a2b18cdb513d21cc194eb42232ba2a3e602", size = 26214, upload_time = "2026-05-18T20:08:57.967Z" }
wheels = [
    { url = "https://files.pythonhosted.org/packages/3a/13/547360d81e6d88d58492968ffda9f9542854f11310ee556fef14260cc886/zipp-4.1.0-py3-none-any.whl", hash = "sha256:25ad4e16390cd314347dd8f1de67a2ac538ae658ed4ab9db16029c07c188e97f", size = 10238, upload_time = "2026-05-18T20:08:57.045Z" },
]
